
Microsoft Visual Studio Solution File, Format Version 12.00
# Visual Studio Version 17
VisualStudioVersion = 17.4.33213.308
MinimumVisualStudioVersion = 10.0.40219.1
Project("{9A19103F-16F7-4668-BE54-9A1E7A4F7556}") = "FirstMVCApp", "FirstMVCApp\FirstMVCApp.csproj", "{55E9160D-3F1F-450C-BE6D-23C5255E5258}"
EndProject
Project("{FAE04EC0-301F-11D3-BF4B-00C04F79EFBC}") = "FirstMVCApp.Tests", "FirstMVCApp.Tests\FirstMVCApp.Tests.csproj", "{BAEE0D1A-EC2B-4E07-950D-0A3788DC4ED3}"
EndProject
Global
	GlobalSection(SolutionConfigurationPlatforms) = preSolution
		Debug|Any CPU = Debug|Any CPU
		Release|Any CPU = Release|Any CPU
	EndGlobalSection
	GlobalSection(ProjectConfigurationPlatforms) = postSolution
		{55E9160D-3F1F-450C-BE6D-23C5255E5258}.Debug|Any CPU.ActiveCfg = Debug|Any CPU
		{55E9160D-3F1F-450C-BE6D-23C5255E5258}.Debug|Any CPU.Build.0 = Debug|Any CPU
		{55E9160D-3F1F-450C-BE6D-23C5255E5258}.Release|Any CPU.ActiveCfg = Release|Any CPU
		{55E9160D-3F1F-450C-BE6D-23C5255E5258}.Release|Any CPU.Build.0 = Release|Any CPU
		{BAEE0D1A-EC2B-4E07-950D-0A3788DC4ED3}.Debug|Any CPU.ActiveCfg = Debug|Any CPU
		{BAEE0D1A-EC2B-4E07-950D-0A3788DC4ED3}.Debug|Any CPU.Build.0 = Debug|Any CPU
		{BAEE0D1A-EC2B-4E07-950D-0A3788DC4ED3}.Release|Any CPU.ActiveCfg = Release|Any CPU
		{BAEE0D1A-EC2B-4E07-950D-0A3788DC4ED3}.Release|Any CPU.Build.0 = Release|Any CPU
	EndGlobalSection
	GlobalSection(SolutionProperties) = preSolution
		HideSolutionNode = FALSE
	EndGlobalSection
	GlobalSection(ExtensibilityGlobals) = postSolution
		SolutionGuid = {8EB77857-202C-442F-A804-56E94C49F49D}
	EndGlobalSection
EndGlobal
